
Microsoft Visual Studio Solution File, Format Version 12.00
# Visual Studio Version 16
VisualStudioVersion = 16.0.29418.71
MinimumVisualStudioVersion = 10.0.40219.1
Project("{9A19103F-16F7-4668-BE54-9A1E7A4F7556}") = "MockSchoolManagement", "MockSchoolManagement.csproj", "{8500BF6E-B54D-440D-A538-C3B98C9330D8}"
EndProject
Project("{FAE04EC0-301F-11D3-BF4B-00C04F79EFBC}") = "MockSchoolManagement.Application", "..\MockSchoolManagement.Application\MockSchoolManagement.Application.csproj", "{4671ADC1-9C90-471D-9D13-5DE8AC46B260}"
EndProject
Project("{FAE04EC0-301F-11D3-BF4B-00C04F79EFBC}") = "MockSchoolManagement.Domain", "..\MockSchoolManagement.Domain\MockSchoolManagement.Domain.csproj", "{7402DB5E-5D6A-49C2-A54D-F0D02F734AF2}"
EndProject
Project("{FAE04EC0-301F-11D3-BF4B-00C04F79EFBC}") = "MockSchoolManagement.Infrastructure", "..\MockSchoolManagement.Infrastructure\MockSchoolManagement.Infrastructure.csproj", "{08C15024-BD8B-4A77-841B-53F4CB7929CF}"
EndProject
Global
	GlobalSection(SolutionConfigurationPlatforms) = preSolution
		Debug|Any CPU = Debug|Any CPU
		Release|Any CPU = Release|Any CPU
	EndGlobalSection
	GlobalSection(ProjectConfigurationPlatforms) = postSolution
		{8500BF6E-B54D-440D-A538-C3B98C9330D8}.Debug|Any CPU.ActiveCfg = Debug|Any CPU
		{8500BF6E-B54D-440D-A538-C3B98C9330D8}.Debug|Any CPU.Build.0 = Debug|Any CPU
		{8500BF6E-B54D-440D-A538-C3B98C9330D8}.Release|Any CPU.ActiveCfg = Release|Any CPU
		{8500BF6E-B54D-440D-A538-C3B98C9330D8}.Release|Any CPU.Build.0 = Release|Any CPU
		{4671ADC1-9C90-471D-9D13-5DE8AC46B260}.Debug|Any CPU.ActiveCfg = Debug|Any CPU
		{4671ADC1-9C90-471D-9D13-5DE8AC46B260}.Debug|Any CPU.Build.0 = Debug|Any CPU
		{4671ADC1-9C90-471D-9D13-5DE8AC46B260}.Release|Any CPU.ActiveCfg = Release|Any CPU
		{4671ADC1-9C90-471D-9D13-5DE8AC46B260}.Release|Any CPU.Build.0 = Release|Any CPU
		{7402DB5E-5D6A-49C2-A54D-F0D02F734AF2}.Debug|Any CPU.ActiveCfg = Debug|Any CPU
		{7402DB5E-5D6A-49C2-A54D-F0D02F734AF2}.Debug|Any CPU.Build.0 = Debug|Any CPU
		{7402DB5E-5D6A-49C2-A54D-F0D02F734AF2}.Release|Any CPU.ActiveCfg = Release|Any CPU
		{7402DB5E-5D6A-49C2-A54D-F0D02F734AF2}.Release|Any CPU.Build.0 = Release|Any CPU
		{08C15024-BD8B-4A77-841B-53F4CB7929CF}.Debug|Any CPU.ActiveCfg = Debug|Any CPU
		{08C15024-BD8B-4A77-841B-53F4CB7929CF}.Debug|Any CPU.Build.0 = Debug|Any CPU
		{08C15024-BD8B-4A77-841B-53F4CB7929CF}.Release|Any CPU.ActiveCfg = Release|Any CPU
		{08C15024-BD8B-4A77-841B-53F4CB7929CF}.Release|Any CPU.Build.0 = Release|Any CPU
	EndGlobalSection
	GlobalSection(SolutionProperties) = preSolution
		HideSolutionNode = FALSE
	EndGlobalSection
	GlobalSection(ExtensibilityGlobals) = postSolution
		SolutionGuid = {FA86A63E-3A24-4070-8CF3-8BE58EDC4DD8}
	EndGlobalSection
EndGlobal
